# This file is automatically @generated by Cargo.
# It is not intended for manual editing.
version = 3

[[package]]
name = "atomic-polyfill"
version = "1.0.1"
source = "registry+https://github.com/rust-lang/crates.io-index"
checksum = "d299f547288d6db8d5c3a2916f7b2f66134b15b8c1ac1c4357dd3b8752af7bb2"
dependencies = [
 "critical-section",
]

[[package]]
name = "blog_os"
version = "0.1.0"
dependencies = [
 "bootloader",
 "critical-section",
 "once_cell",
 "spin",
 "volatile",
]

[[package]]
name = "bootloader"
version = "0.9.23"
source = "registry+https://github.com/rust-lang/crates.io-index"
checksum = "b6e02311b16c9819e7c72866d379cdd3026c3b7b25c1edf161f548f8e887e7ff"

[[package]]
name = "critical-section"
version = "1.1.1"
source = "registry+https://github.com/rust-lang/crates.io-index"
checksum = "6548a0ad5d2549e111e1f6a11a6c2e2d00ce6a3dafe22948d67c2b443f775e52"

[[package]]
name = "once_cell"
version = "1.16.0"
source = "registry+https://github.com/rust-lang/crates.io-index"
checksum = "86f0b0d4bf799edbc74508c1e8bf170ff5f41238e5f8225603ca7caaae2b7860"
dependencies = [
 "atomic-polyfill",
 "critical-section",
]

[[package]]
name = "spin"
version = "0.5.2"
source = "registry+https://github.com/rust-lang/crates.io-index"
checksum = "6e63cff320ae2c57904679ba7cb63280a3dc4613885beafb148ee7bf9aa9042d"

[[package]]
name = "volatile"
version = "0.2.7"
source = "registry+https://github.com/rust-lang/crates.io-index"
checksum = "f6b06ad3ed06fef1713569d547cdbdb439eafed76341820fb0e0344f29a41945"
